{
  "name": "sample_test",
  "version": "1.0.0",
  "lockfileVersion": 1,
  "requires": true,
  "dependencies": {
    "mapsuite": {
      "version": "3.0.7",
      "resolved": "https://registry.npmjs.org/mapsuite/-/mapsuite-3.0.7.tgz",
      "integrity": "sha512-EkkLUI8HamkVoQOmaddx1u7sWusvE0wWXjX+pruBtIgSLBTGXBh0qwME1dNUWOfTDhcJVLOC490FGUxDUPgVgw=="
    }
  }
}
